
Microsoft Visual Studio Solution File, Format Version 12.00
# Visual Studio Version 16
VisualStudioVersion = 16.0.30114.105
MinimumVisualStudioVersion = 10.0.40219.1
Project("{FAE04EC0-301F-11D3-BF4B-00C04F79EFBC}") = "UFBXSharp", "UFBXSharp\UFBXSharp.csproj", "{4112384F-2D17-4141-9FA1-B0CA146842C4}"
EndProject
Project("{FAE04EC0-301F-11D3-BF4B-00C04F79EFBC}") = "UFBXSharpExample", "UFBXSharpExample\UFBXSharpExample.csproj", "{E2D62874-F873-4849-8123-8056B296B95F}"
EndProject
Global
	GlobalSection(SolutionConfigurationPlatforms) = preSolution
		Debug|Any CPU = Debug|Any CPU
		Release|Any CPU = Release|Any CPU
	EndGlobalSection
	GlobalSection(SolutionProperties) = preSolution
		HideSolutionNode = FALSE
	EndGlobalSection
	GlobalSection(ProjectConfigurationPlatforms) = postSolution
		{4112384F-2D17-4141-9FA1-B0CA146842C4}.Debug|Any CPU.ActiveCfg = Debug|Any CPU
		{4112384F-2D17-4141-9FA1-B0CA146842C4}.Debug|Any CPU.Build.0 = Debug|Any CPU
		{4112384F-2D17-4141-9FA1-B0CA146842C4}.Release|Any CPU.ActiveCfg = Release|Any CPU
		{4112384F-2D17-4141-9FA1-B0CA146842C4}.Release|Any CPU.Build.0 = Release|Any CPU
		{E2D62874-F873-4849-8123-8056B296B95F}.Debug|Any CPU.ActiveCfg = Debug|Any CPU
		{E2D62874-F873-4849-8123-8056B296B95F}.Debug|Any CPU.Build.0 = Debug|Any CPU
		{E2D62874-F873-4849-8123-8056B296B95F}.Release|Any CPU.ActiveCfg = Release|Any CPU
		{E2D62874-F873-4849-8123-8056B296B95F}.Release|Any CPU.Build.0 = Release|Any CPU
	EndGlobalSection
EndGlobal
